{
  "version": 4,
  "terraform_version": "1.14.6",
  "serial": 71,
  "lineage": "69e4ca81-2892-66de-2196-6e36d70f2048",
  "outputs": {
    "security_group_id": {
      "value": "sg-07f787f99d6cce143",
      "type": "string"
    }
  },
  "resources": [
    {
      "mode": "managed",
      "type": "aws_instance",
      "name": "web",
      "provider": "provider[\"registry.terraform.io/hashicorp/aws\"]",
      "instances": [
        {
          "schema_version": 2,
          "attributes": {
            "ami": "ami-0b6c6ebed2801a5cb",
            "arn": "arn:aws:ec2:us-east-1:193884054097:instance/i-00bec017c61911394",
            "associate_public_ip_address": true,
            "availability_zone": "us-east-1f",
            "capacity_reservation_specification": [
              {
                "capacity_reservation_preference": "open",
                "capacity_reservation_target": []
              }
            ],
            "cpu_options": [
              {
                "amd_sev_snp": "",
                "core_count": 1,
                "nested_virtualization": "",
                "threads_per_core": 2
              }
            ],
            "credit_specification": [
              {
                "cpu_credits": "unlimited"
              }
            ],
            "disable_api_stop": false,
            "disable_api_termination": false,
            "ebs_block_device": [],
            "ebs_optimized": false,
            "enable_primary_ipv6": null,
            "enclave_options": [
              {
                "enabled": false
              }
            ],
            "ephemeral_block_device": [],
            "force_destroy": false,
            "get_password_data": false,
            "hibernation": false,
            "host_id": "",
            "host_resource_group_arn": null,
            "iam_instance_profile": "",
            "id": "i-00bec017c61911394",
            "instance_initiated_shutdown_behavior": "stop",
            "instance_lifecycle": "",
            "instance_market_options": [],
            "instance_state": "running",
            "instance_type": "t3.micro",
            "ipv6_address_count": 0,
            "ipv6_addresses": [],
            "key_name": "key-tf",
            "launch_template": [],
            "maintenance_options": [
              {
                "auto_recovery": "default"
              }
            ],
            "metadata_options": [
              {
                "http_endpoint": "enabled",
                "http_protocol_ipv6": "disabled",
                "http_put_response_hop_limit": 2,
                "http_tokens": "required",
                "instance_metadata_tags": "disabled"
              }
            ],
            "monitoring": false,
            "network_interface": [],
            "outpost_arn": "",
            "password_data": "",
            "placement_group": "",
            "placement_group_id": "",
            "placement_partition_number": 0,
            "primary_network_interface": [
              {
                "delete_on_termination": true,
                "network_interface_id": "eni-0a81ba6e1cd10c025"
              }
            ],
            "primary_network_interface_id": "eni-0a81ba6e1cd10c025",
            "private_dns": "ip-172-31-69-57.ec2.internal",
            "private_dns_name_options": [
              {
                "enable_resource_name_dns_a_record": false,
                "enable_resource_name_dns_aaaa_record": false,
                "hostname_type": "ip-name"
              }
            ],
            "private_ip": "172.31.69.57",
            "public_dns": "ec2-44-221-59-84.compute-1.amazonaws.com",
            "public_ip": "44.221.59.84",
            "region": "us-east-1",
            "root_block_device": [
              {
                "delete_on_termination": true,
                "device_name": "/dev/sda1",
                "encrypted": false,
                "iops": 3000,
                "kms_key_id": "",
                "tags": {},
                "tags_all": {},
                "throughput": 125,
                "volume_id": "vol-05c53492a4762fa4b",
                "volume_size": 8,
                "volume_type": "gp3"
              }
            ],
            "secondary_network_interface": [],
            "secondary_private_ips": [],
            "security_groups": [
              "allow_tls"
            ],
            "source_dest_check": true,
            "spot_instance_request_id": "",
            "subnet_id": "subnet-05b0d86efbdf43a51",
            "tags": {
              "Name": "first-tf-instance"
            },
            "tags_all": {
              "Name": "first-tf-instance"
            },
            "tenancy": "default",
            "timeouts": null,
            "user_data": "#!/bin/bash\n\n# Update system and install nginx\nsudo apt update -y\nsudo apt install nginx -y\nsudo systemctl start nginx\nsudo systemctl enable nginx\n\n# Create a simple landing page\ncat \u003c\u003cEOF | sudo tee /var/www/html/index.nginx-debian.html\n\u003c!DOCTYPE html\u003e\n\u003chtml lang=\"en\"\u003e\n\u003chead\u003e\n\u003cmeta charset=\"UTF-8\"\u003e\n\u003cmeta name=\"viewport\" content=\"width=device-width, initial-scale=1.0\"\u003e\n\u003ctitle\u003ePrateek's Terraform Server\u003c/title\u003e\n\n\u003cstyle\u003e\nbody{\n    margin:0;\n    font-family: Arial, sans-serif;\n    background: linear-gradient(120deg,#1e3c72,#2a5298);\n    color:white;\n    text-align:center;\n}\n\n.container{\n    margin-top:120px;\n}\n\nh1{\n    font-size:40px;\n}\n\np{\n    font-size:20px;\n}\n\nbutton{\n    padding:12px 25px;\n    font-size:16px;\n    border:none;\n    border-radius:6px;\n    background:#ffcc00;\n    cursor:pointer;\n}\n\nbutton:hover{\n    background:#ffaa00;\n}\n\n.footer{\n    position:fixed;\n    bottom:10px;\n    width:100%;\n    font-size:14px;\n}\n\u003c/style\u003e\n\n\u003c/head\u003e\n\n\u003cbody\u003e\n\n\u003cdiv class=\"container\"\u003e\n\u003ch1\u003e🚀 Welcome to My Terraform Server\u003c/h1\u003e\n\n\u003cp\u003e\nHi, I'm \u003cb\u003ePrateek\u003c/b\u003e.  \nThis EC2 instance was automatically deployed using\n\u003cb\u003eTerraform Infrastructure as Code\u003c/b\u003e.\n\u003c/p\u003e\n\n\u003cp id=\"time\"\u003e\u003c/p\u003e\n\n\u003cbutton onclick=\"showMessage()\"\u003eClick Me\u003c/button\u003e\n\u003c/div\u003e\n\n\u003cdiv class=\"footer\"\u003e\nBuilt with AWS EC2 + Terraform\n\u003c/div\u003e\n\n\u003cscript\u003e\nfunction showMessage(){\n    alert(\"Hello from your EC2 server deployed using Terraform!\");\n}\n\nfunction updateTime(){\n    const now = new Date();\n    document.getElementById(\"time\").innerHTML =\n        \"Server Time: \" + now.toLocaleString();\n}\n\nsetInterval(updateTime,1000);\n\u003c/script\u003e\n\n\u003c/body\u003e\n\u003c/html\u003e\nEOF\n",
            "user_data_base64": null,
            "user_data_replace_on_change": false,
            "volume_tags": null,
            "vpc_security_group_ids": [
              "sg-07f787f99d6cce143"
            ]
          },
          "sensitive_attributes": [],
          "identity_schema_version": 0,
          "identity": {
            "account_id": "193884054097",
            "id": "i-00bec017c61911394",
            "region": "us-east-1"
          },
          "private": "eyJlMmJmYjczMC1lY2FhLTExZTYtOGY4OC0zNDM2M2JjN2M0YzAiOnsiY3JlYXRlIjo2MDAwMDAwMDAwMDAsImRlbGV0ZSI6MTIwMDAwMDAwMDAwMCwicmVhZCI6OTAwMDAwMDAwMDAwLCJ1cGRhdGUiOjYwMDAwMDAwMDAwMH0sInNjaGVtYV92ZXJzaW9uIjoiMiJ9",
          "dependencies": [
            "aws_key_pair.key-tf",
            "aws_security_group.allow_tls"
          ]
        }
      ]
    },
    {
      "mode": "managed",
      "type": "aws_key_pair",
      "name": "key-tf",
      "provider": "provider[\"registry.terraform.io/hashicorp/aws\"]",
      "instances": [
        {
          "schema_version": 1,
          "attributes": {
            "arn": "arn:aws:ec2:us-east-1:193884054097:key-pair/key-tf",
            "fingerprint": "9c:7a:91:0f:5b:86:64:8c:7e:21:bf:50:3d:73:f1:ca",
            "id": "key-tf",
            "key_name": "key-tf",
            "key_name_prefix": "",
            "key_pair_id": "key-0cdc57a2eccadb84c",
            "key_type": "rsa",
            "public_key": "ssh-rsa AAAAB3NzaC1yc2EAAAADAQABAAABgQC3RgN4AQebzdh/c5Cmdt4rtOlA4CtSYKC1MPXknjMT/4Cj/A+wBplSosIwD9hYWtqZBBOj+bW8xzJRCgVuHvQhzbpbfRsDitXt91nffCmLDXwrb2oCWHMWYAH6wbfIDRZkKlnBo1cJxXUh4o5g9k4KHouspU792zoJuZyCZVPL636txvvGcADPN6cFkp2me2KGXO4rpwn0hvnTTTFOoJ5y0hvocPr0Y/+5ZIYqKO7eXKH9ehlpALUSu5KprbZFxNtk9WoM6dqVHcRgKEVye1TNJ3lqUoWF4EcRk8qoIfu3SM4mFqKUww/paCCPFuWO+y4ntMBq1zWkLH1ygLzKEAVcLTGXM4MCtluZNLpc6EW5YUXeZHuyM6wmujR2+vGba/gFTZtI3tE7XO0NRwaKL1b3GCAH8K8DgrCVjRtYWKP8M8f/VqA3UNRQUyIFf9fbSBznEu0NRhYdZLcaLwhfps5dDLOtRLPy9RJhKvavXNQB0EgUUlANYN6CrgBcfXmEXAM= prateek_p97@Prateek",
            "region": "us-east-1",
            "tags": {},
            "tags_all": {}
          },
          "sensitive_attributes": [],
          "identity_schema_version": 0,
          "private": "eyJzY2hlbWFfdmVyc2lvbiI6IjEifQ=="
        }
      ]
    },
    {
      "mode": "managed",
      "type": "aws_security_group",
      "name": "allow_tls",
      "provider": "provider[\"registry.terraform.io/hashicorp/aws\"]",
      "instances": [
        {
          "schema_version": 1,
          "attributes": {
            "arn": "arn:aws:ec2:us-east-1:193884054097:security-group/sg-07f787f99d6cce143",
            "description": "Allow TLS inbound traffic",
            "egress": [
              {
                "cidr_blocks": [
                  "0.0.0.0/0"
                ],
                "description": "",
                "from_port": 0,
                "ipv6_cidr_blocks": [],
                "prefix_list_ids": [],
                "protocol": "-1",
                "security_groups": [],
                "self": false,
                "to_port": 0
              }
            ],
            "id": "sg-07f787f99d6cce143",
            "ingress": [
              {
                "cidr_blocks": [
                  "0.0.0.0/0"
                ],
                "description": "TLS from VPC",
                "from_port": 22,
                "ipv6_cidr_blocks": [],
                "prefix_list_ids": [],
                "protocol": "tcp",
                "security_groups": [],
                "self": false,
                "to_port": 22
              },
              {
                "cidr_blocks": [
                  "0.0.0.0/0"
                ],
                "description": "TLS from VPC",
                "from_port": 27017,
                "ipv6_cidr_blocks": [],
                "prefix_list_ids": [],
                "protocol": "tcp",
                "security_groups": [],
                "self": false,
                "to_port": 27017
              },
              {
                "cidr_blocks": [
                  "0.0.0.0/0"
                ],
                "description": "TLS from VPC",
                "from_port": 3306,
                "ipv6_cidr_blocks": [],
                "prefix_list_ids": [],
                "protocol": "tcp",
                "security_groups": [],
                "self": false,
                "to_port": 3306
              },
              {
                "cidr_blocks": [
                  "0.0.0.0/0"
                ],
                "description": "TLS from VPC",
                "from_port": 443,
                "ipv6_cidr_blocks": [],
                "prefix_list_ids": [],
                "protocol": "tcp",
                "security_groups": [],
                "self": false,
                "to_port": 443
              },
              {
                "cidr_blocks": [
                  "0.0.0.0/0"
                ],
                "description": "TLS from VPC",
                "from_port": 6379,
                "ipv6_cidr_blocks": [],
                "prefix_list_ids": [],
                "protocol": "tcp",
                "security_groups": [],
                "self": false,
                "to_port": 6379
              },
              {
                "cidr_blocks": [
                  "0.0.0.0/0"
                ],
                "description": "TLS from VPC",
                "from_port": 80,
                "ipv6_cidr_blocks": [],
                "prefix_list_ids": [],
                "protocol": "tcp",
                "security_groups": [],
                "self": false,
                "to_port": 80
              }
            ],
            "name": "allow_tls",
            "name_prefix": "",
            "owner_id": "193884054097",
            "region": "us-east-1",
            "revoke_rules_on_delete": false,
            "tags": {},
            "tags_all": {},
            "timeouts": null,
            "vpc_id": "vpc-009319bce244e488a"
          },
          "sensitive_attributes": [],
          "identity_schema_version": 0,
          "identity": {
            "account_id": "193884054097",
            "id": "sg-07f787f99d6cce143",
            "region": "us-east-1"
          },
          "private": "eyJlMmJmYjczMC1lY2FhLTExZTYtOGY4OC0zNDM2M2JjN2M0YzAiOnsiY3JlYXRlIjo2MDAwMDAwMDAwMDAsImRlbGV0ZSI6OTAwMDAwMDAwMDAwfSwic2NoZW1hX3ZlcnNpb24iOiIxIn0="
        }
      ]
    }
  ],
  "check_results": null
}
